Microsoft Visual Studio Solution File, Format Version 8.00
Project("{8BC9CEB8-8B4A-11D0-8D11-00A0C91BC942}") = "Tests", "Tests.vcproj", "{0EE8C3D3-548D-4819-AC5E-CB242E7293B3}"
	ProjectSection(ProjectDependencies) = postProject
		{E1C26B67-A6E0-4292-9FDB-E1EE4D604A0D} = {E1C26B67-A6E0-4292-9FDB-E1EE4D604A0D}
	EndProjectSection
EndProject
Project("{8BC9CEB8-8B4A-11D0-8D11-00A0C91BC942}") = "Glop", "..\Glop\Win32\Glop.vcproj", "{E1C26B67-A6E0-4292-9FDB-E1EE4D604A0D}"
	ProjectSection(ProjectDependencies) = postProject
	EndProjectSection
EndProject
Global
	GlobalSection(SolutionConfiguration) = preSolution
		Debug = Debug
		Release = Release
	EndGlobalSection
	GlobalSection(ProjectConfiguration) = postSolution
		{0EE8C3D3-548D-4819-AC5E-CB242E7293B3}.Debug.ActiveCfg = Debug|Win32
		{0EE8C3D3-548D-4819-AC5E-CB242E7293B3}.Debug.Build.0 = Debug|Win32
		{0EE8C3D3-548D-4819-AC5E-CB242E7293B3}.Release.ActiveCfg = Release|Win32
		{0EE8C3D3-548D-4819-AC5E-CB242E7293B3}.Release.Build.0 = Release|Win32
		{E1C26B67-A6E0-4292-9FDB-E1EE4D604A0D}.Debug.ActiveCfg = Debug|Win32
		{E1C26B67-A6E0-4292-9FDB-E1EE4D604A0D}.Debug.Build.0 = Debug|Win32
		{E1C26B67-A6E0-4292-9FDB-E1EE4D604A0D}.Release.ActiveCfg = Release|Win32
		{E1C26B67-A6E0-4292-9FDB-E1EE4D604A0D}.Release.Build.0 = Release|Win32
	EndGlobalSection
	GlobalSection(ExtensibilityGlobals) = postSolution
	EndGlobalSection
	GlobalSection(ExtensibilityAddIns) = postSolution
	EndGlobalSection
EndGlobal
