Microsoft Visual Studio Solution File, Format Version 8.00
Project("{8BC9CEB8-8B4A-11D0-8D11-00A0C91BC942}") = "glop", "glop.vcproj", "{3080C9F7-25BC-4833-A556-77051935364D}"
	ProjectSection(ProjectDependencies) = postProject
	EndProjectSection
EndProject
Global
	GlobalSection(SolutionConfiguration) = preSolution
		Debug = Debug
		Release = Release
	EndGlobalSection
	GlobalSection(ProjectConfiguration) = postSolution
		{3080C9F7-25BC-4833-A556-77051935364D}.Debug.ActiveCfg = Debug|Win32
		{3080C9F7-25BC-4833-A556-77051935364D}.Debug.Build.0 = Debug|Win32
		{3080C9F7-25BC-4833-A556-77051935364D}.Release.ActiveCfg = Release|Win32
		{3080C9F7-25BC-4833-A556-77051935364D}.Release.Build.0 = Release|Win32
	EndGlobalSection
	GlobalSection(ExtensibilityGlobals) = postSolution
	EndGlobalSection
	GlobalSection(ExtensibilityAddIns) = postSolution
	EndGlobalSection
EndGlobal
