// !$*UTF8*$!
{
	archiveVersion = 1;
	classes = {
	};
	objectVersion = 44;
	objects = {

/* Begin PBXBuildFile section */
		8D0C4E920486CD37000505A6 /* Carbon.framework in Frameworks */ = {isa = PBXBuildFile; fileRef = 20286C33FDCF999611CA2CEA /* Carbon.framework */; };
		FA9A7BB00D1C923000B7C4CE /* Tests.cpp in Sources */ = {isa = PBXBuildFile; fileRef = FA9A7BAF0D1C923000B7C4CE /* Tests.cpp */; };
		FA9A7BBC0D1C92B800B7C4CE /* Glop.framework in Frameworks */ = {isa = PBXBuildFile; fileRef = FA9A7BBB0D1C92B800B7C4CE /* Glop.framework */; };
		FA9A7BC10D1C92D300B7C4CE /* Glop.framework in CopyFiles */ = {isa = PBXBuildFile; fileRef = FA9A7BBB0D1C92B800B7C4CE /* Glop.framework */; };
		FA9A7BC50D1C92F900B7C4CE /* OpenGL.framework in Frameworks */ = {isa = PBXBuildFile; fileRef = FA9A7BC40D1C92F900B7C4CE /* OpenGL.framework */; };
		FAB988240D45537A00A0DD65 /* English.lproj in Resources */ = {isa = PBXBuildFile; fileRef = FAB988210D45537A00A0DD65 /* English.lproj */; };
		FAB988260D45538400A0DD65 /* Info.plist in Resources */ = {isa = PBXBuildFile; fileRef = FAB988250D45538400A0DD65 /* Info.plist */; };
		FADFB7480D47C78600BCF39E /* glop.jpg in CopyFiles */ = {isa = PBXBuildFile; fileRef = FADFB7450D47C78600BCF39E /* glop.jpg */; };
		FADFB7490D47C78600BCF39E /* Icon.bmp in CopyFiles */ = {isa = PBXBuildFile; fileRef = FADFB7460D47C78600BCF39E /* Icon.bmp */; };
		FADFB74A0D47C78600BCF39E /* thames.ttf in CopyFiles */ = {isa = PBXBuildFile; fileRef = FADFB7470D47C78600BCF39E /* thames.ttf */; };
/* End PBXBuildFile section */

/* Begin PBXCopyFilesBuildPhase section */
		FA9A7BC30D1C92F100B7C4CE /* CopyFiles */ = {
			isa = PBXCopyFilesBuildPhase;
			buildActionMask = 2147483647;
			dstPath = "";
			dstSubfolderSpec = 10;
			files = (
				FA9A7BC10D1C92D300B7C4CE /* Glop.framework in CopyFiles */,
			);
			runOnlyForDeploymentPostprocessing = 0;
		};
		FADFB75D0D47E62900BCF39E /* CopyFiles */ = {
			isa = PBXCopyFilesBuildPhase;
			buildActionMask = 2147483647;
			dstPath = "";
			dstSubfolderSpec = 16;
			files = (
				FADFB74A0D47C78600BCF39E /* thames.ttf in CopyFiles */,
				FADFB7490D47C78600BCF39E /* Icon.bmp in CopyFiles */,
				FADFB7480D47C78600BCF39E /* glop.jpg in CopyFiles */,
			);
			runOnlyForDeploymentPostprocessing = 0;
		};
/* End PBXCopyFilesBuildPhase section */

/* Begin PBXFileReference section */
		20286C33FDCF999611CA2CEA /* Carbon.framework */ = {isa = PBXFileReference; lastKnownFileType = wrapper.framework; name = Carbon.framework; path = /System/Library/Frameworks/Carbon.framework; sourceTree = "<absolute>"; };
		FA9A7BAF0D1C923000B7C4CE /* Tests.cpp */ = {isa = PBXFileReference; fileEncoding = 4; lastKnownFileType = sourcecode.cpp.cpp; path = Tests.cpp; sourceTree = "<group>"; };
		FA9A7BBB0D1C92B800B7C4CE /* Glop.framework */ = {isa = PBXFileReference; lastKnownFileType = wrapper.framework; name = Glop.framework; path = ../Glop/OSX/bin/$CONFIGURATION/Glop.framework; sourceTree = SOURCE_ROOT; };
		FA9A7BBD0D1C92B800B7C4CE /* Tests.app */ = {isa = PBXFileReference; explicitFileType = wrapper.application; includeInIndex = 0; path = Tests.app; sourceTree = BUILT_PRODUCTS_DIR; };
		FA9A7BC40D1C92F900B7C4CE /* OpenGL.framework */ = {isa = PBXFileReference; lastKnownFileType = wrapper.framework; name = OpenGL.framework; path = /System/Library/Frameworks/OpenGL.framework; sourceTree = "<absolute>"; };
		FAB988210D45537A00A0DD65 /* English.lproj */ = {isa = PBXFileReference; lastKnownFileType = folder; path = English.lproj; sourceTree = "<group>"; };
		FAB988250D45538400A0DD65 /* Info.plist */ = {isa = PBXFileReference; fileEncoding = 4; lastKnownFileType = text.plist.xml; path = Info.plist; sourceTree = "<group>"; };
		FADFB7450D47C78600BCF39E /* glop.jpg */ = {isa = PBXFileReference; lastKnownFileType = image.jpeg; path = glop.jpg; sourceTree = SOURCE_ROOT; };
		FADFB7460D47C78600BCF39E /* Icon.bmp */ = {isa = PBXFileReference; lastKnownFileType = image.bmp; path = Icon.bmp; sourceTree = SOURCE_ROOT; };
		FADFB7470D47C78600BCF39E /* thames.ttf */ = {isa = PBXFileReference; lastKnownFileType = file; path = thames.ttf; sourceTree = SOURCE_ROOT; };
/* End PBXFileReference section */

/* Begin PBXFrameworksBuildPhase section */
		8D0C4E910486CD37000505A6 /* Frameworks */ = {
			isa = PBXFrameworksBuildPhase;
			buildActionMask = 2147483647;
			files = (
				8D0C4E920486CD37000505A6 /* Carbon.framework in Frameworks */,
				FA9A7BBC0D1C92B800B7C4CE /* Glop.framework in Frameworks */,
				FA9A7BC50D1C92F900B7C4CE /* OpenGL.framework in Frameworks */,
			);
			runOnlyForDeploymentPostprocessing = 0;
		};
/* End PBXFrameworksBuildPhase section */

/* Begin PBXGroup section */
		195DF8CFFE9D517E11CA2CBB /* Products */ = {
			isa = PBXGroup;
			children = (
				FA9A7BBD0D1C92B800B7C4CE /* Tests.app */,
			);
			name = Products;
			sourceTree = "<group>";
		};
		20286C29FDCF999611CA2CEA /* Tests */ = {
			isa = PBXGroup;
			children = (
				20286C2AFDCF999611CA2CEA /* Sources */,
				20286C2CFDCF999611CA2CEA /* Resources */,
				20286C32FDCF999611CA2CEA /* External Frameworks and Libraries */,
				195DF8CFFE9D517E11CA2CBB /* Products */,
			);
			name = Tests;
			sourceTree = "<group>";
		};
		20286C2AFDCF999611CA2CEA /* Sources */ = {
			isa = PBXGroup;
			children = (
				FA9A7BAF0D1C923000B7C4CE /* Tests.cpp */,
			);
			name = Sources;
			sourceTree = "<group>";
		};
		20286C2CFDCF999611CA2CEA /* Resources */ = {
			isa = PBXGroup;
			children = (
				FADFB7450D47C78600BCF39E /* glop.jpg */,
				FADFB7460D47C78600BCF39E /* Icon.bmp */,
				FADFB7470D47C78600BCF39E /* thames.ttf */,
				FAB988250D45538400A0DD65 /* Info.plist */,
				FAB988210D45537A00A0DD65 /* English.lproj */,
			);
			name = Resources;
			sourceTree = "<group>";
		};
		20286C32FDCF999611CA2CEA /* External Frameworks and Libraries */ = {
			isa = PBXGroup;
			children = (
				FA9A7BC40D1C92F900B7C4CE /* OpenGL.framework */,
				FA9A7BBB0D1C92B800B7C4CE /* Glop.framework */,
				20286C33FDCF999611CA2CEA /* Carbon.framework */,
			);
			name = "External Frameworks and Libraries";
			sourceTree = "<group>";
		};
/* End PBXGroup section */

/* Begin PBXNativeTarget section */
		8D0C4E890486CD37000505A6 /* Tests */ = {
			isa = PBXNativeTarget;
			buildConfigurationList = C0E91AC508A95435008D54AB /* Build configuration list for PBXNativeTarget "Tests" */;
			buildPhases = (
				FADFB8990D488F3100BCF39E /* Build Glop */,
				8D0C4E8C0486CD37000505A6 /* Resources */,
				8D0C4E8F0486CD37000505A6 /* Sources */,
				8D0C4E910486CD37000505A6 /* Frameworks */,
				FA9A7BC30D1C92F100B7C4CE /* CopyFiles */,
				FADFB75D0D47E62900BCF39E /* CopyFiles */,
			);
			buildRules = (
			);
			dependencies = (
			);
			name = Tests;
			productInstallPath = "$(HOME)/Applications";
			productName = Tests;
			productReference = FA9A7BBD0D1C92B800B7C4CE /* Tests.app */;
			productType = "com.apple.product-type.application";
		};
/* End PBXNativeTarget section */

/* Begin PBXProject section */
		20286C28FDCF999611CA2CEA /* Project object */ = {
			isa = PBXProject;
			buildConfigurationList = C0E91AC908A95435008D54AB /* Build configuration list for PBXProject "Tests" */;
			compatibilityVersion = "Xcode 3.0";
			hasScannedForEncodings = 1;
			mainGroup = 20286C29FDCF999611CA2CEA /* Tests */;
			projectDirPath = "";
			projectRoot = "";
			targets = (
				8D0C4E890486CD37000505A6 /* Tests */,
			);
		};
/* End PBXProject section */

/* Begin PBXResourcesBuildPhase section */
		8D0C4E8C0486CD37000505A6 /* Resources */ = {
			isa = PBXResourcesBuildPhase;
			buildActionMask = 2147483647;
			files = (
				FAB988240D45537A00A0DD65 /* English.lproj in Resources */,
				FAB988260D45538400A0DD65 /* Info.plist in Resources */,
			);
			runOnlyForDeploymentPostprocessing = 0;
		};
/* End PBXResourcesBuildPhase section */

/* Begin PBXShellScriptBuildPhase section */
		FADFB8990D488F3100BCF39E /* Build Glop */ = {
			isa = PBXShellScriptBuildPhase;
			buildActionMask = 2147483647;
			files = (
			);
			inputPaths = (
			);
			name = "Build Glop";
			outputPaths = (
			);
			runOnlyForDeploymentPostprocessing = 0;
			shellPath = /bin/sh;
			shellScript = "xcodebuild -project ../Glop/OSX/project/Glop.xcodeproj/ -configuration $CONFIGURATION";
		};
/* End PBXShellScriptBuildPhase section */

/* Begin PBXSourcesBuildPhase section */
		8D0C4E8F0486CD37000505A6 /* Sources */ = {
			isa = PBXSourcesBuildPhase;
			buildActionMask = 2147483647;
			files = (
				FA9A7BB00D1C923000B7C4CE /* Tests.cpp in Sources */,
			);
			runOnlyForDeploymentPostprocessing = 0;
		};
/* End PBXSourcesBuildPhase section */

/* Begin XCBuildConfiguration section */
		C0E91AC608A95435008D54AB /* Debug */ = {
			isa = XCBuildConfiguration;
			buildSettings = {
				COPY_PHASE_STRIP = NO;
				FRAMEWORK_SEARCH_PATHS = (
					"$(inherited)",
					"\"$(SRCROOT)/../Glop/OSX/bin/Debug\"",
				);
				GCC_DYNAMIC_NO_PIC = NO;
				GCC_ENABLE_FIX_AND_CONTINUE = YES;
				GCC_MODEL_TUNING = G5;
				GCC_OPTIMIZATION_LEVEL = 0;
				GCC_PRECOMPILE_PREFIX_HEADER = YES;
				INFOPLIST_FILE = Info.plist;
				INSTALL_PATH = "$(HOME)/Applications";
				PRODUCT_NAME = Tests;
				WRAPPER_EXTENSION = app;
				ZERO_LINK = YES;
			};
			name = Debug;
		};
		C0E91AC708A95435008D54AB /* Release */ = {
			isa = XCBuildConfiguration;
			buildSettings = {
				DEBUG_INFORMATION_FORMAT = "dwarf-with-dsym";
				FRAMEWORK_SEARCH_PATHS = (
					"$(inherited)",
					"\"$(SRCROOT)/../Glop/OSX/bin/Release\"",
				);
				GCC_MODEL_TUNING = G5;
				GCC_PRECOMPILE_PREFIX_HEADER = YES;
				INFOPLIST_FILE = Info.plist;
				INSTALL_PATH = "$(HOME)/Applications";
				PRODUCT_NAME = Tests;
				WRAPPER_EXTENSION = app;
			};
			name = Release;
		};
		C0E91ACA08A95435008D54AB /* Debug */ = {
			isa = XCBuildConfiguration;
			buildSettings = {
				DEPLOYMENT_LOCATION = NO;
				GCC_PREPROCESSOR_DEFINITIONS = MACOSX;
				GCC_WARN_ABOUT_RETURN_TYPE = YES;
				GCC_WARN_UNUSED_VARIABLE = YES;
				INSTALL_PATH = "";
				PREBINDING = NO;
				SDKROOT = "$(DEVELOPER_SDK_DIR)/MacOSX10.5.sdk";
			};
			name = Debug;
		};
		C0E91ACB08A95435008D54AB /* Release */ = {
			isa = XCBuildConfiguration;
			buildSettings = {
				ARCHS = (
					ppc,
					i386,
				);
				DEPLOYMENT_LOCATION = NO;
				GCC_PREPROCESSOR_DEFINITIONS = MACOSX;
				GCC_WARN_ABOUT_RETURN_TYPE = YES;
				GCC_WARN_UNUSED_VARIABLE = YES;
				INSTALL_PATH = "";
				PREBINDING = NO;
				SDKROOT = "$(DEVELOPER_SDK_DIR)/MacOSX10.5.sdk";
			};
			name = Release;
		};
/* End XCBuildConfiguration section */

/* Begin XCConfigurationList section */
		C0E91AC508A95435008D54AB /* Build configuration list for PBXNativeTarget "Tests" */ = {
			isa = XCConfigurationList;
			buildConfigurations = (
				C0E91AC608A95435008D54AB /* Debug */,
				C0E91AC708A95435008D54AB /* Release */,
			);
			defaultConfigurationIsVisible = 0;
			defaultConfigurationName = Release;
		};
		C0E91AC908A95435008D54AB /* Build configuration list for PBXProject "Tests" */ = {
			isa = XCConfigurationList;
			buildConfigurations = (
				C0E91ACA08A95435008D54AB /* Debug */,
				C0E91ACB08A95435008D54AB /* Release */,
			);
			defaultConfigurationIsVisible = 0;
			defaultConfigurationName = Release;
		};
/* End XCConfigurationList section */
	};
	rootObject = 20286C28FDCF999611CA2CEA /* Project object */;
}
